
Microsoft Visual Studio Solution File, Format Version 12.00
# Visual Studio 15
VisualStudioVersion = 15.0.27703.2035
MinimumVisualStudioVersion = 10.0.40219.1
Project("{FAE04EC0-301F-11D3-BF4B-00C04F79EFBC}") = "ConsoleApp2", "ConsoleApp2\ConsoleApp2.csproj", "{666603DD-FF2C-4B49-9DCB-5BD9F29A057D}"
EndProject
Global
	GlobalSection(SolutionConfigurationPlatforms) = preSolution
		Debug|Any CPU = Debug|Any CPU
		Release|Any CPU = Release|Any CPU
	EndGlobalSection
	GlobalSection(ProjectConfigurationPlatforms) = postSolution
		{666603DD-FF2C-4B49-9DCB-5BD9F29A057D}.Debug|Any CPU.ActiveCfg = Debug|Any CPU
		{666603DD-FF2C-4B49-9DCB-5BD9F29A057D}.Debug|Any CPU.Build.0 = Debug|Any CPU
		{666603DD-FF2C-4B49-9DCB-5BD9F29A057D}.Release|Any CPU.ActiveCfg = Release|Any CPU
		{666603DD-FF2C-4B49-9DCB-5BD9F29A057D}.Release|Any CPU.Build.0 = Release|Any CPU
	EndGlobalSection
	GlobalSection(SolutionProperties) = preSolution
		HideSolutionNode = FALSE
	EndGlobalSection
	GlobalSection(ExtensibilityGlobals) = postSolution
		SolutionGuid = {0235EC3F-CE16-4AFD-BBC1-05F591AE3863}
	EndGlobalSection
EndGlobal
